<?xml version="1.0" encoding="utf-8"?>
<Project ToolsVersion="4.0" xmlns="http://schemas.microsoft.com/developer/msbuild/2003">
  <ItemGroup>
    <Filter Include="源文件">
      <UniqueIdentifier>{4FC737F1-C7A5-4376-A066-2A32D752A2FF}</UniqueIdentifier>
      <Extensions>cpp;c;cc;cxx;def;odl;idl;hpj;bat;asm;asmx</Extensions>
    </Filter>
    <Filter Include="头文件">
      <UniqueIdentifier>{93995380-89BD-4b04-88EB-625FBE52EBFB}</UniqueIdentifier>
      <Extensions>h;hh;hpp;hxx;hm;inl;inc;ipp;xsd</Extensions>
    </Filter>
    <Filter Include="资源文件">
      <UniqueIdentifier>{67DA6AB6-F800-4c08-8B7A-83BB121AAD01}</UniqueIdentifier>
      <Extensions>rc;ico;cur;bmp;dlg;rc2;rct;bin;rgs;gif;jpg;jpeg;jpe;resx;tiff;tif;png;wav;mfcribbon-ms</Extensions>
    </Filter>
  </ItemGroup>
  <ItemGroup>
    <ClInclude Include="leetcode.h">
      <Filter>头文件</Filter>
    </ClInclude>
  </ItemGroup>
  <ItemGroup>
    <ClCompile Include="5_LongestPalindromicSubstring.cpp">
      <Filter>源文件</Filter>
    </ClCompile>
    <ClCompile Include="7_ReverseInteger.cpp">
      <Filter>源文件</Filter>
    </ClCompile>
    <ClCompile Include="8_StringToInteger.cpp">
      <Filter>源文件</Filter>
    </ClCompile>
    <ClCompile Include="9_PalindromeNumber.cpp">
      <Filter>源文件</Filter>
    </ClCompile>
    <ClCompile Include="11_ContainerWithMostWatercpp.cpp">
      <Filter>源文件</Filter>
    </ClCompile>
    <ClCompile Include="12_IntegerToRoman.cpp">
      <Filter>源文件</Filter>
    </ClCompile>
    <ClCompile Include="13_RomanToInteger.cpp">
      <Filter>源文件</Filter>
    </ClCompile>
    <ClCompile Include="14_ongestCommonPrefix.cpp">
      <Filter>源文件</Filter>
    </ClCompile>
    <ClCompile Include="16_3SumClosest.cpp">
      <Filter>源文件</Filter>
    </ClCompile>
    <ClCompile Include="17_LetterCombinationsOfaPhoneNumber.cpp">
      <Filter>源文件</Filter>
    </ClCompile>
    <ClCompile Include="15_3Sum.cpp">
      <Filter>源文件</Filter>
    </ClCompile>
    <ClCompile Include="18_4Sum.cpp">
      <Filter>源文件</Filter>
    </ClCompile>
    <ClCompile Include="19_RemoveNthNodeFromEndOfList.cpp">
      <Filter>源文件</Filter>
    </ClCompile>
    <ClCompile Include="20_ValidParentheses.cpp">
      <Filter>源文件</Filter>
    </ClCompile>
    <ClCompile Include="21_MergeTwoSortedLists.cpp">
      <Filter>源文件</Filter>
    </ClCompile>
    <ClCompile Include="22_GenerateParentheses.cpp">
      <Filter>源文件</Filter>
    </ClCompile>
    <ClCompile Include="24_SwapNodesInPairs.cpp">
      <Filter>源文件</Filter>
    </ClCompile>
    <ClCompile Include="26_RemoveDuplicatesFromSortedArray.cpp">
      <Filter>源文件</Filter>
    </ClCompile>
    <ClCompile Include="27_RemoveElement.cpp">
      <Filter>源文件</Filter>
    </ClCompile>
    <ClCompile Include="28_Implement_strStr().cpp">
      <Filter>源文件</Filter>
    </ClCompile>
    <ClCompile Include="31_NextPermutation.cpp">
      <Filter>源文件</Filter>
    </ClCompile>
    <ClCompile Include="33_SearchInRotatedSortedArray.cpp">
      <Filter>源文件</Filter>
    </ClCompile>
    <ClCompile Include="34.Find First and Last Position of Element in Sorted Array.cpp">
      <Filter>源文件</Filter>
    </ClCompile>
    <ClCompile Include="35. Search Insert Position.cpp">
      <Filter>源文件</Filter>
    </ClCompile>
  </ItemGroup>
</Project>